
Microsoft Visual Studio Solution File, Format Version 12.00
# Visual Studio Version 17
VisualStudioVersion = 17.14.36518.9
MinimumVisualStudioVersion = 10.0.40219.1
Project("{FAE04EC0-301F-11D3-BF4B-00C04F79EFBC}") = "Week01_1_Intro", "Week01_1_Intro\Week01_1_Intro.csproj", "{8BA43618-4A85-46C0-9A99-A8FBA73BC84C}"
EndProject
Project("{FAE04EC0-301F-11D3-BF4B-00C04F79EFBC}") = "Week01_2_Intro_UnitTests", "Week01_2_Intro_UnitTests\Week01_2_Intro_UnitTests.csproj", "{D1ED98CD-8514-44C4-839E-532F1D5AAE44}"
EndProject
Project("{FAE04EC0-301F-11D3-BF4B-00C04F79EFBC}") = "Week01_3_AssemblyDebug", "Week01_3_AssemblyDebug\Week01_3_AssemblyDebug.csproj", "{FBFF3761-5798-412F-8A32-2A4EB3CFA1FB}"
EndProject
Project("{FAE04EC0-301F-11D3-BF4B-00C04F79EFBC}") = "Week01_4_Lambda", "Week01_4_Lambda\Week01_4_Lambda.csproj", "{341FADFB-D36B-46E2-B546-EE3E5F2F3926}"
EndProject
Project("{2150E333-8FDC-42A3-9474-1A3956D46DE8}") = "Week01", "Week01", "{02EA681E-C7D8-13C7-8484-4AC65E1B71E8}"
EndProject
Project("{2150E333-8FDC-42A3-9474-1A3956D46DE8}") = "Week02", "Week02", "{E332B01A-9CC9-4793-9F38-CD5AAF1BFAAB}"
EndProject
Project("{FAE04EC0-301F-11D3-BF4B-00C04F79EFBC}") = "Week02_1_Attributes", "Week02_1_Attributes\Week02_1_Attributes.csproj", "{9515A019-EEDF-4C72-91F4-DA56695742FC}"
EndProject
Project("{FAE04EC0-301F-11D3-BF4B-00C04F79EFBC}") = "Week02_2_Serialization", "Week02_2_Serialization\Week02_2_Serialization.csproj", "{3CE5105F-88DC-4646-B329-FC81B4368EBD}"
EndProject
Project("{2150E333-8FDC-42A3-9474-1A3956D46DE8}") = "Week03", "Week03", "{F63CB0A7-59C5-40BA-B694-390A2A74272E}"
EndProject
Project("{FAE04EC0-301F-11D3-BF4B-00C04F79EFBC}") = "Week03_1_Reflection", "Week03_1_Reflection\Week03_1_Reflection.csproj", "{ED0324DF-2B49-41FD-BC52-0E8C458AED69}"
EndProject
Project("{FAE04EC0-301F-11D3-BF4B-00C04F79EFBC}") = "Week03_2_SqlQueryBuilder", "Week03_2_SqlQueryBuilder\Week03_2_SqlQueryBuilder.csproj", "{69158616-8AF5-4AD5-8104-351681208B00}"
EndProject
Project("{FAE04EC0-301F-11D3-BF4B-00C04F79EFBC}") = "Week03_3_DynamicKeyword", "Week03_3_DynamicKeyword\Week03_3_DynamicKeyword.csproj", "{FFDA053B-B1B4-4CAF-AC29-F341AA0F6D28}"
EndProject
Project("{2150E333-8FDC-42A3-9474-1A3956D46DE8}") = "Week04", "Week04", "{6A9EF3DB-D7C6-452A-AF7F-AE57BFFC68B7}"
EndProject
Project("{FAE04EC0-301F-11D3-BF4B-00C04F79EFBC}") = "Week04_1_Expressions", "Week04_1_Expressions\Week04_1_Expressions.csproj", "{A9418FC9-59B3-4098-9EC9-4FD17E522470}"
EndProject
Project("{FAE04EC0-301F-11D3-BF4B-00C04F79EFBC}") = "Week04_2_ExpressionVisitors", "Week04_2_ExpressionVisitors\Week04_2_ExpressionVisitors.csproj", "{91F1C2C4-1672-4D97-9380-BDF59C8F24B3}"
EndProject
Project("{2150E333-8FDC-42A3-9474-1A3956D46DE8}") = "Week05", "Week05", "{A7944AA3-D195-4A5B-A842-9E329309D70B}"
EndProject
Project("{FAE04EC0-301F-11D3-BF4B-00C04F79EFBC}") = "Week05_1_AsyncEx", "Week05_1_AsyncEx\Week05_1_AsyncEx.csproj", "{FB6A014A-D8D8-4E7C-8C6B-9D7790D71F88}"
EndProject
Global
	GlobalSection(SolutionConfigurationPlatforms) = preSolution
		Debug|Any CPU = Debug|Any CPU
		Release|Any CPU = Release|Any CPU
	EndGlobalSection
	GlobalSection(ProjectConfigurationPlatforms) = postSolution
		{8BA43618-4A85-46C0-9A99-A8FBA73BC84C}.Debug|Any CPU.ActiveCfg = Debug|Any CPU
		{8BA43618-4A85-46C0-9A99-A8FBA73BC84C}.Debug|Any CPU.Build.0 = Debug|Any CPU
		{8BA43618-4A85-46C0-9A99-A8FBA73BC84C}.Release|Any CPU.ActiveCfg = Release|Any CPU
		{8BA43618-4A85-46C0-9A99-A8FBA73BC84C}.Release|Any CPU.Build.0 = Release|Any CPU
		{D1ED98CD-8514-44C4-839E-532F1D5AAE44}.Debug|Any CPU.ActiveCfg = Debug|Any CPU
		{D1ED98CD-8514-44C4-839E-532F1D5AAE44}.Debug|Any CPU.Build.0 = Debug|Any CPU
		{D1ED98CD-8514-44C4-839E-532F1D5AAE44}.Release|Any CPU.ActiveCfg = Release|Any CPU
		{D1ED98CD-8514-44C4-839E-532F1D5AAE44}.Release|Any CPU.Build.0 = Release|Any CPU
		{FBFF3761-5798-412F-8A32-2A4EB3CFA1FB}.Debug|Any CPU.ActiveCfg = Debug|Any CPU
		{FBFF3761-5798-412F-8A32-2A4EB3CFA1FB}.Debug|Any CPU.Build.0 = Debug|Any CPU
		{FBFF3761-5798-412F-8A32-2A4EB3CFA1FB}.Release|Any CPU.ActiveCfg = Release|Any CPU
		{FBFF3761-5798-412F-8A32-2A4EB3CFA1FB}.Release|Any CPU.Build.0 = Release|Any CPU
		{341FADFB-D36B-46E2-B546-EE3E5F2F3926}.Debug|Any CPU.ActiveCfg = Debug|Any CPU
		{341FADFB-D36B-46E2-B546-EE3E5F2F3926}.Debug|Any CPU.Build.0 = Debug|Any CPU
		{341FADFB-D36B-46E2-B546-EE3E5F2F3926}.Release|Any CPU.ActiveCfg = Release|Any CPU
		{341FADFB-D36B-46E2-B546-EE3E5F2F3926}.Release|Any CPU.Build.0 = Release|Any CPU
		{9515A019-EEDF-4C72-91F4-DA56695742FC}.Debug|Any CPU.ActiveCfg = Debug|Any CPU
		{9515A019-EEDF-4C72-91F4-DA56695742FC}.Debug|Any CPU.Build.0 = Debug|Any CPU
		{9515A019-EEDF-4C72-91F4-DA56695742FC}.Release|Any CPU.ActiveCfg = Release|Any CPU
		{9515A019-EEDF-4C72-91F4-DA56695742FC}.Release|Any CPU.Build.0 = Release|Any CPU
		{3CE5105F-88DC-4646-B329-FC81B4368EBD}.Debug|Any CPU.ActiveCfg = Debug|Any CPU
		{3CE5105F-88DC-4646-B329-FC81B4368EBD}.Debug|Any CPU.Build.0 = Debug|Any CPU
		{3CE5105F-88DC-4646-B329-FC81B4368EBD}.Release|Any CPU.ActiveCfg = Release|Any CPU
		{3CE5105F-88DC-4646-B329-FC81B4368EBD}.Release|Any CPU.Build.0 = Release|Any CPU
		{ED0324DF-2B49-41FD-BC52-0E8C458AED69}.Debug|Any CPU.ActiveCfg = Debug|Any CPU
		{ED0324DF-2B49-41FD-BC52-0E8C458AED69}.Debug|Any CPU.Build.0 = Debug|Any CPU
		{ED0324DF-2B49-41FD-BC52-0E8C458AED69}.Release|Any CPU.ActiveCfg = Release|Any CPU
		{ED0324DF-2B49-41FD-BC52-0E8C458AED69}.Release|Any CPU.Build.0 = Release|Any CPU
		{69158616-8AF5-4AD5-8104-351681208B00}.Debug|Any CPU.ActiveCfg = Debug|Any CPU
		{69158616-8AF5-4AD5-8104-351681208B00}.Debug|Any CPU.Build.0 = Debug|Any CPU
		{69158616-8AF5-4AD5-8104-351681208B00}.Release|Any CPU.ActiveCfg = Release|Any CPU
		{69158616-8AF5-4AD5-8104-351681208B00}.Release|Any CPU.Build.0 = Release|Any CPU
		{FFDA053B-B1B4-4CAF-AC29-F341AA0F6D28}.Debug|Any CPU.ActiveCfg = Debug|Any CPU
		{FFDA053B-B1B4-4CAF-AC29-F341AA0F6D28}.Debug|Any CPU.Build.0 = Debug|Any CPU
		{FFDA053B-B1B4-4CAF-AC29-F341AA0F6D28}.Release|Any CPU.ActiveCfg = Release|Any CPU
		{FFDA053B-B1B4-4CAF-AC29-F341AA0F6D28}.Release|Any CPU.Build.0 = Release|Any CPU
		{A9418FC9-59B3-4098-9EC9-4FD17E522470}.Debug|Any CPU.ActiveCfg = Debug|Any CPU
		{A9418FC9-59B3-4098-9EC9-4FD17E522470}.Debug|Any CPU.Build.0 = Debug|Any CPU
		{A9418FC9-59B3-4098-9EC9-4FD17E522470}.Release|Any CPU.ActiveCfg = Release|Any CPU
		{A9418FC9-59B3-4098-9EC9-4FD17E522470}.Release|Any CPU.Build.0 = Release|Any CPU
		{91F1C2C4-1672-4D97-9380-BDF59C8F24B3}.Debug|Any CPU.ActiveCfg = Debug|Any CPU
		{91F1C2C4-1672-4D97-9380-BDF59C8F24B3}.Debug|Any CPU.Build.0 = Debug|Any CPU
		{91F1C2C4-1672-4D97-9380-BDF59C8F24B3}.Release|Any CPU.ActiveCfg = Release|Any CPU
		{91F1C2C4-1672-4D97-9380-BDF59C8F24B3}.Release|Any CPU.Build.0 = Release|Any CPU
		{FB6A014A-D8D8-4E7C-8C6B-9D7790D71F88}.Debug|Any CPU.ActiveCfg = Debug|Any CPU
		{FB6A014A-D8D8-4E7C-8C6B-9D7790D71F88}.Debug|Any CPU.Build.0 = Debug|Any CPU
		{FB6A014A-D8D8-4E7C-8C6B-9D7790D71F88}.Release|Any CPU.ActiveCfg = Release|Any CPU
		{FB6A014A-D8D8-4E7C-8C6B-9D7790D71F88}.Release|Any CPU.Build.0 = Release|Any CPU
	EndGlobalSection
	GlobalSection(SolutionProperties) = preSolution
		HideSolutionNode = FALSE
	EndGlobalSection
	GlobalSection(NestedProjects) = preSolution
		{8BA43618-4A85-46C0-9A99-A8FBA73BC84C} = {02EA681E-C7D8-13C7-8484-4AC65E1B71E8}
		{D1ED98CD-8514-44C4-839E-532F1D5AAE44} = {02EA681E-C7D8-13C7-8484-4AC65E1B71E8}
		{FBFF3761-5798-412F-8A32-2A4EB3CFA1FB} = {02EA681E-C7D8-13C7-8484-4AC65E1B71E8}
		{341FADFB-D36B-46E2-B546-EE3E5F2F3926} = {02EA681E-C7D8-13C7-8484-4AC65E1B71E8}
		{9515A019-EEDF-4C72-91F4-DA56695742FC} = {E332B01A-9CC9-4793-9F38-CD5AAF1BFAAB}
		{3CE5105F-88DC-4646-B329-FC81B4368EBD} = {E332B01A-9CC9-4793-9F38-CD5AAF1BFAAB}
		{ED0324DF-2B49-41FD-BC52-0E8C458AED69} = {F63CB0A7-59C5-40BA-B694-390A2A74272E}
		{69158616-8AF5-4AD5-8104-351681208B00} = {F63CB0A7-59C5-40BA-B694-390A2A74272E}
		{FFDA053B-B1B4-4CAF-AC29-F341AA0F6D28} = {F63CB0A7-59C5-40BA-B694-390A2A74272E}
		{A9418FC9-59B3-4098-9EC9-4FD17E522470} = {6A9EF3DB-D7C6-452A-AF7F-AE57BFFC68B7}
		{91F1C2C4-1672-4D97-9380-BDF59C8F24B3} = {6A9EF3DB-D7C6-452A-AF7F-AE57BFFC68B7}
		{FB6A014A-D8D8-4E7C-8C6B-9D7790D71F88} = {A7944AA3-D195-4A5B-A842-9E329309D70B}
	EndGlobalSection
	GlobalSection(ExtensibilityGlobals) = postSolution
		SolutionGuid = {1BF96322-EAB6-4002-AE11-B11D37F5DCE1}
	EndGlobalSection
EndGlobal
